// !$*UTF8*$!
{
	archiveVersion = 1;
	classes = {
	};
	objectVersion = 56;
	objects = {

/* Begin PBXBuildFile section */
		03021B952975C2A900BE13C4 /* Kingfisher in Frameworks */ = {isa = PBXBuildFile; productRef = 03021B942975C2A900BE13C4 /* Kingfisher */; };
		03021B982975C49800BE13C4 /* GoogleSignIn in Frameworks */ = {isa = PBXBuildFile; productRef = 03021B972975C49800BE13C4 /* GoogleSignIn */; };
		03021B9A2975C49900BE13C4 /* GoogleSignInSwift in Frameworks */ = {isa = PBXBuildFile; productRef = 03021B992975C49900BE13C4 /* GoogleSignInSwift */; };
		03568D082976E5160026A9F2 /* ForgetPasswordViewController.swift in Sources */ = {isa = PBXBuildFile; fileRef = 03568D072976E5160026A9F2 /* ForgetPasswordViewController.swift */; };
		0B9109342974770200430340 /* ProductTableViewCell.xib in Resources */ = {isa = PBXBuildFile; fileRef = 0B9109332974770100430340 /* ProductTableViewCell.xib */; };
		0B9109362974771B00430340 /* ProductTableViewCell.swift in Sources */ = {isa = PBXBuildFile; fileRef = 0B9109352974771B00430340 /* ProductTableViewCell.swift */; };
		4F64C56C29746D7F001DED0A /* PlantDetailsViewController.swift in Sources */ = {isa = PBXBuildFile; fileRef = 4F64C56B29746D7F001DED0A /* PlantDetailsViewController.swift */; };
		4F64C58D29755A2C001DED0A /* plantStruct.swift in Sources */ = {isa = PBXBuildFile; fileRef = 4F64C58C29755A2C001DED0A /* plantStruct.swift */; };
		4F64C58F29755AC2001DED0A /* PlantCell.swift in Sources */ = {isa = PBXBuildFile; fileRef = 4F64C58E29755AC2001DED0A /* PlantCell.swift */; };
		4F64C5A42976EEEC001DED0A /* MyLocationVC.swift in Sources */ = {isa = PBXBuildFile; fileRef = 4F64C5A32976EEEC001DED0A /* MyLocationVC.swift */; };
		4F64C5A72976FC0A001DED0A /* FacebookCore in Frameworks */ = {isa = PBXBuildFile; productRef = 4F64C5A62976FC0A001DED0A /* FacebookCore */; };
		4F64C5A92976FC0A001DED0A /* FacebookGamingServices in Frameworks */ = {isa = PBXBuildFile; productRef = 4F64C5A82976FC0A001DED0A /* FacebookGamingServices */; };
		4F64C5AB2976FC0A001DED0A /* FacebookLogin in Frameworks */ = {isa = PBXBuildFile; productRef = 4F64C5AA2976FC0A001DED0A /* FacebookLogin */; };
		4F64C5AD2976FC0A001DED0A /* FacebookShare in Frameworks */ = {isa = PBXBuildFile; productRef = 4F64C5AC2976FC0A001DED0A /* FacebookShare */; };
		87D91A9F297483320075C184 /* ListOrdersViewController.swift in Sources */ = {isa = PBXBuildFile; fileRef = 87D91A9E297483320075C184 /* ListOrdersViewController.swift */; };
		B1729C1529743CB800B9F45C /* AppDelegate.swift in Sources */ = {isa = PBXBuildFile; fileRef = B1729C1429743CB800B9F45C /* AppDelegate.swift */; };
		B1729C1729743CB800B9F45C /* art.scnassets in Resources */ = {isa = PBXBuildFile; fileRef = B1729C1629743CB800B9F45C /* art.scnassets */; };
		B1729C1929743CB800B9F45C /* ViewController.swift in Sources */ = {isa = PBXBuildFile; fileRef = B1729C1829743CB800B9F45C /* ViewController.swift */; };
		B1729C1C29743CB800B9F45C /* Main.storyboard in Resources */ = {isa = PBXBuildFile; fileRef = B1729C1A29743CB800B9F45C /* Main.storyboard */; };
		B1729C1E29743CB900B9F45C /* Assets.xcassets in Resources */ = {isa = PBXBuildFile; fileRef = B1729C1D29743CB900B9F45C /* Assets.xcassets */; };
		B1729C2129743CB900B9F45C /* LaunchScreen.storyboard in Resources */ = {isa = PBXBuildFile; fileRef = B1729C1F29743CB900B9F45C /* LaunchScreen.storyboard */; };
		B1729C2E29743F6A00B9F45C /* OnBoardingViewController.swift in Sources */ = {isa = PBXBuildFile; fileRef = B1729C2D29743F6A00B9F45C /* OnBoardingViewController.swift */; };
		B1729C3029743F7A00B9F45C /* LogInViewController.swift in Sources */ = {isa = PBXBuildFile; fileRef = B1729C2F29743F7A00B9F45C /* LogInViewController.swift */; };
		B1729C3229743F8900B9F45C /* RegisterViewController.swift in Sources */ = {isa = PBXBuildFile; fileRef = B1729C3129743F8900B9F45C /* RegisterViewController.swift */; };
		B1729C3429743FD400B9F45C /* PlantsCollictionViewController.swift in Sources */ = {isa = PBXBuildFile; fileRef = B1729C3329743FD400B9F45C /* PlantsCollictionViewController.swift */; };
		B1729C3629743FE800B9F45C /* CartViewController.swift in Sources */ = {isa = PBXBuildFile; fileRef = B1729C3529743FE800B9F45C /* CartViewController.swift */; };
		B1729C382974400E00B9F45C /* PrevOrdersTableViewController.swift in Sources */ = {isa = PBXBuildFile; fileRef = B1729C372974400E00B9F45C /* PrevOrdersTableViewController.swift */; };
		B1729C3A2974402A00B9F45C /* PaymentViewController.swift in Sources */ = {isa = PBXBuildFile; fileRef = B1729C392974402A00B9F45C /* PaymentViewController.swift */; };
		B1729C3C2974407E00B9F45C /* ProfileViewController.swift in Sources */ = {isa = PBXBuildFile; fileRef = B1729C3B2974407E00B9F45C /* ProfileViewController.swift */; };
		B1729C3E2974409300B9F45C /* LocationViewController.swift in Sources */ = {isa = PBXBuildFile; fileRef = B1729C3D2974409300B9F45C /* LocationViewController.swift */; };
		B1729C432974444600B9F45C /* GoogleService-Info.plist in Resources */ = {isa = PBXBuildFile; fileRef = B1729C422974444600B9F45C /* GoogleService-Info.plist */; };
		B1729C46297444F800B9F45C /* FirebaseAnalytics in Frameworks */ = {isa = PBXBuildFile; productRef = B1729C45297444F800B9F45C /* FirebaseAnalytics */; };
		B1729C48297444F800B9F45C /* FirebaseAnalyticsOnDeviceConversion in Frameworks */ = {isa = PBXBuildFile; productRef = B1729C47297444F800B9F45C /* FirebaseAnalyticsOnDeviceConversion */; };
		B1729C4A297444F800B9F45C /* FirebaseAnalyticsSwift in Frameworks */ = {isa = PBXBuildFile; productRef = B1729C49297444F800B9F45C /* FirebaseAnalyticsSwift */; };
		B1729C4C297444F800B9F45C /* FirebaseAnalyticsWithoutAdIdSupport in Frameworks */ = {isa = PBXBuildFile; productRef = B1729C4B297444F800B9F45C /* FirebaseAnalyticsWithoutAdIdSupport */; };
		B1729C4E297444F800B9F45C /* FirebaseAppCheck in Frameworks */ = {isa = PBXBuildFile; productRef = B1729C4D297444F800B9F45C /* FirebaseAppCheck */; };
		B1729C50297444F800B9F45C /* FirebaseAppDistribution-Beta in Frameworks */ = {isa = PBXBuildFile; productRef = B1729C4F297444F800B9F45C /* FirebaseAppDistribution-Beta */; };
		B1729C52297444F800B9F45C /* FirebaseAuth in Frameworks */ = {isa = PBXBuildFile; productRef = B1729C51297444F800B9F45C /* FirebaseAuth */; };
		B1729C54297444F800B9F45C /* FirebaseAuthCombine-Community in Frameworks */ = {isa = PBXBuildFile; productRef = B1729C53297444F800B9F45C /* FirebaseAuthCombine-Community */; };
		B1729C56297444F800B9F45C /* FirebaseCrashlytics in Frameworks */ = {isa = PBXBuildFile; productRef = B1729C55297444F800B9F45C /* FirebaseCrashlytics */; };
		B1729C58297444F800B9F45C /* FirebaseDatabase in Frameworks */ = {isa = PBXBuildFile; productRef = B1729C57297444F800B9F45C /* FirebaseDatabase */; };
		B1729C5A297444F800B9F45C /* FirebaseDatabaseSwift in Frameworks */ = {isa = PBXBuildFile; productRef = B1729C59297444F800B9F45C /* FirebaseDatabaseSwift */; };
		B1729C5C297444F800B9F45C /* FirebaseDynamicLinks in Frameworks */ = {isa = PBXBuildFile; productRef = B1729C5B297444F800B9F45C /* FirebaseDynamicLinks */; };
		B1729C5E297444F800B9F45C /* FirebaseFirestore in Frameworks */ = {isa = PBXBuildFile; productRef = B1729C5D297444F800B9F45C /* FirebaseFirestore */; };
		B1729C60297444F800B9F45C /* FirebaseFirestoreCombine-Community in Frameworks */ = {isa = PBXBuildFile; productRef = B1729C5F297444F800B9F45C /* FirebaseFirestoreCombine-Community */; };
		B1729C62297444F800B9F45C /* FirebaseFirestoreSwift in Frameworks */ = {isa = PBXBuildFile; productRef = B1729C61297444F800B9F45C /* FirebaseFirestoreSwift */; };
		B1729C64297444F800B9F45C /* FirebaseFunctions in Frameworks */ = {isa = PBXBuildFile; productRef = B1729C63297444F800B9F45C /* FirebaseFunctions */; };
		B1729C66297444F800B9F45C /* FirebaseFunctionsCombine-Community in Frameworks */ = {isa = PBXBuildFile; productRef = B1729C65297444F800B9F45C /* FirebaseFunctionsCombine-Community */; };
		B1729C68297444F800B9F45C /* FirebaseInAppMessaging-Beta in Frameworks */ = {isa = PBXBuildFile; productRef = B1729C67297444F800B9F45C /* FirebaseInAppMessaging-Beta */; };
		B1729C6A297444F800B9F45C /* FirebaseInAppMessagingSwift-Beta in Frameworks */ = {isa = PBXBuildFile; productRef = B1729C69297444F800B9F45C /* FirebaseInAppMessagingSwift-Beta */; };
		B1729C6C297444F800B9F45C /* FirebaseInstallations in Frameworks */ = {isa = PBXBuildFile; productRef = B1729C6B297444F800B9F45C /* FirebaseInstallations */; };
		B1729C6E297444F800B9F45C /* FirebaseMLModelDownloader in Frameworks */ = {isa = PBXBuildFile; productRef = B1729C6D297444F800B9F45C /* FirebaseMLModelDownloader */; };
		B1729C70297444F800B9F45C /* FirebaseMessaging in Frameworks */ = {isa = PBXBuildFile; productRef = B1729C6F297444F800B9F45C /* FirebaseMessaging */; };
		B1729C72297444F800B9F45C /* FirebasePerformance in Frameworks */ = {isa = PBXBuildFile; productRef = B1729C71297444F800B9F45C /* FirebasePerformance */; };
		B1729C74297444F800B9F45C /* FirebaseRemoteConfig in Frameworks */ = {isa = PBXBuildFile; productRef = B1729C73297444F800B9F45C /* FirebaseRemoteConfig */; };
		B1729C76297444F800B9F45C /* FirebaseRemoteConfigSwift in Frameworks */ = {isa = PBXBuildFile; productRef = B1729C75297444F800B9F45C /* FirebaseRemoteConfigSwift */; };
		B1729C78297444F800B9F45C /* FirebaseStorage in Frameworks */ = {isa = PBXBuildFile; productRef = B1729C77297444F800B9F45C /* FirebaseStorage */; };
		B1729C7A297444F800B9F45C /* FirebaseStorageCombine-Community in Frameworks */ = {isa = PBXBuildFile; productRef = B1729C79297444F800B9F45C /* FirebaseStorageCombine-Community */; };
		B1A1B384297516C200021BA5 /* plantsData.json in Resources */ = {isa = PBXBuildFile; fileRef = B1A1B383297516C200021BA5 /* plantsData.json */; };
/* End PBXBuildFile section */

/* Begin PBXFileReference section */
		03568D072976E5160026A9F2 /* ForgetPasswordViewController.swift */ = {isa = PBXFileReference; lastKnownFileType = sourcecode.swift; path = ForgetPasswordViewController.swift; sourceTree = "<group>"; };
		0B9109332974770100430340 /* ProductTableViewCell.xib */ = {isa = PBXFileReference; fileEncoding = 4; lastKnownFileType = file.xib; path = ProductTableViewCell.xib; sourceTree = "<group>"; };
		0B9109352974771B00430340 /* ProductTableViewCell.swift */ = {isa = PBXFileReference; fileEncoding = 4; lastKnownFileType = sourcecode.swift; path = ProductTableViewCell.swift; sourceTree = "<group>"; };
		4F64C56B29746D7F001DED0A /* PlantDetailsViewController.swift */ = {isa = PBXFileReference; lastKnownFileType = sourcecode.swift; path = PlantDetailsViewController.swift; sourceTree = "<group>"; };
		4F64C58C29755A2C001DED0A /* plantStruct.swift */ = {isa = PBXFileReference; lastKnownFileType = sourcecode.swift; path = plantStruct.swift; sourceTree = "<group>"; };
		4F64C58E29755AC2001DED0A /* PlantCell.swift */ = {isa = PBXFileReference; lastKnownFileType = sourcecode.swift; path = PlantCell.swift; sourceTree = "<group>"; };
		4F64C5A32976EEEC001DED0A /* MyLocationVC.swift */ = {isa = PBXFileReference; lastKnownFileType = sourcecode.swift; path = MyLocationVC.swift; sourceTree = "<group>"; };
		87D91A9E297483320075C184 /* ListOrdersViewController.swift */ = {isa = PBXFileReference; lastKnownFileType = sourcecode.swift; path = ListOrdersViewController.swift; sourceTree = "<group>"; };
		B1729C1129743CB800B9F45C /* GoldenLeaf.app */ = {isa = PBXFileReference; explicitFileType = wrapper.application; includeInIndex = 0; path = GoldenLeaf.app; sourceTree = BUILT_PRODUCTS_DIR; };
		B1729C1429743CB800B9F45C /* AppDelegate.swift */ = {isa = PBXFileReference; lastKnownFileType = sourcecode.swift; path = AppDelegate.swift; sourceTree = "<group>"; };
		B1729C1629743CB800B9F45C /* art.scnassets */ = {isa = PBXFileReference; lastKnownFileType = wrapper.scnassets; path = art.scnassets; sourceTree = "<group>"; };
		B1729C1829743CB800B9F45C /* ViewController.swift */ = {isa = PBXFileReference; lastKnownFileType = sourcecode.swift; path = ViewController.swift; sourceTree = "<group>"; };
		B1729C1B29743CB800B9F45C /* Base */ = {isa = PBXFileReference; lastKnownFileType = file.storyboard; name = Base; path = Base.lproj/Main.storyboard; sourceTree = "<group>"; };
		B1729C1D29743CB900B9F45C /* Assets.xcassets */ = {isa = PBXFileReference; lastKnownFileType = folder.assetcatalog; path = Assets.xcassets; sourceTree = "<group>"; };
		B1729C2029743CB900B9F45C /* Base */ = {isa = PBXFileReference; lastKnownFileType = file.storyboard; name = Base; path = Base.lproj/LaunchScreen.storyboard; sourceTree = "<group>"; };
		B1729C2D29743F6A00B9F45C /* OnBoardingViewController.swift */ = {isa = PBXFileReference; lastKnownFileType = sourcecode.swift; path = OnBoardingViewController.swift; sourceTree = "<group>"; };
		B1729C2F29743F7A00B9F45C /* LogInViewController.swift */ = {isa = PBXFileReference; lastKnownFileType = sourcecode.swift; path = LogInViewController.swift; sourceTree = "<group>"; };
		B1729C3129743F8900B9F45C /* RegisterViewController.swift */ = {isa = PBXFileReference; lastKnownFileType = sourcecode.swift; path = RegisterViewController.swift; sourceTree = "<group>"; };
		B1729C3329743FD400B9F45C /* PlantsCollictionViewController.swift */ = {isa = PBXFileReference; lastKnownFileType = sourcecode.swift; path = PlantsCollictionViewController.swift; sourceTree = "<group>"; };
		B1729C3529743FE800B9F45C /* CartViewController.swift */ = {isa = PBXFileReference; lastKnownFileType = sourcecode.swift; path = CartViewController.swift; sourceTree = "<group>"; };
		B1729C372974400E00B9F45C /* PrevOrdersTableViewController.swift */ = {isa = PBXFileReference; lastKnownFileType = sourcecode.swift; path = PrevOrdersTableViewController.swift; sourceTree = "<group>"; };
		B1729C392974402A00B9F45C /* PaymentViewController.swift */ = {isa = PBXFileReference; lastKnownFileType = sourcecode.swift; path = PaymentViewController.swift; sourceTree = "<group>"; };
		B1729C3B2974407E00B9F45C /* ProfileViewController.swift */ = {isa = PBXFileReference; lastKnownFileType = sourcecode.swift; path = ProfileViewController.swift; sourceTree = "<group>"; };
		B1729C3D2974409300B9F45C /* LocationViewController.swift */ = {isa = PBXFileReference; lastKnownFileType = sourcecode.swift; path = LocationViewController.swift; sourceTree = "<group>"; };
		B1729C422974444600B9F45C /* GoogleService-Info.plist */ = {isa = PBXFileReference; fileEncoding = 4; lastKnownFileType = text.plist.xml; path = "GoogleService-Info.plist"; sourceTree = "<group>"; };
		B1A1B383297516C200021BA5 /* plantsData.json */ = {isa = PBXFileReference; fileEncoding = 4; lastKnownFileType = text.json; path = plantsData.json; sourceTree = "<group>"; };
		B1D569542976B5D000C110C4 /* Info.plist */ = {isa = PBXFileReference; fileEncoding = 4; lastKnownFileType = text.plist.xml; path = Info.plist; sourceTree = "<group>"; };
/* End PBXFileReference section */

/* Begin PBXFrameworksBuildPhase section */
		B1729C0E29743CB800B9F45C /* Frameworks */ = {
			isa = PBXFrameworksBuildPhase;
			buildActionMask = 2147483647;
			files = (
				B1729C58297444F800B9F45C /* FirebaseDatabase in Frameworks */,
				B1729C66297444F800B9F45C /* FirebaseFunctionsCombine-Community in Frameworks */,
				B1729C5E297444F800B9F45C /* FirebaseFirestore in Frameworks */,
				B1729C4A297444F800B9F45C /* FirebaseAnalyticsSwift in Frameworks */,
				B1729C46297444F800B9F45C /* FirebaseAnalytics in Frameworks */,
				4F64C5AB2976FC0A001DED0A /* FacebookLogin in Frameworks */,
				B1729C48297444F800B9F45C /* FirebaseAnalyticsOnDeviceConversion in Frameworks */,
				B1729C6E297444F800B9F45C /* FirebaseMLModelDownloader in Frameworks */,
				4F64C5A92976FC0A001DED0A /* FacebookGamingServices in Frameworks */,
				B1729C62297444F800B9F45C /* FirebaseFirestoreSwift in Frameworks */,
				B1729C4E297444F800B9F45C /* FirebaseAppCheck in Frameworks */,
				4F64C5A72976FC0A001DED0A /* FacebookCore in Frameworks */,
				03021B982975C49800BE13C4 /* GoogleSignIn in Frameworks */,
				B1729C4C297444F800B9F45C /* FirebaseAnalyticsWithoutAdIdSupport in Frameworks */,
				B1729C52297444F800B9F45C /* FirebaseAuth in Frameworks */,
				B1729C56297444F800B9F45C /* FirebaseCrashlytics in Frameworks */,
				B1729C76297444F800B9F45C /* FirebaseRemoteConfigSwift in Frameworks */,
				B1729C68297444F800B9F45C /* FirebaseInAppMessaging-Beta in Frameworks */,
				03021B9A2975C49900BE13C4 /* GoogleSignInSwift in Frameworks */,
				B1729C5A297444F800B9F45C /* FirebaseDatabaseSwift in Frameworks */,
				B1729C64297444F800B9F45C /* FirebaseFunctions in Frameworks */,
				03021B952975C2A900BE13C4 /* Kingfisher in Frameworks */,
				B1729C7A297444F800B9F45C /* FirebaseStorageCombine-Community in Frameworks */,
				B1729C74297444F800B9F45C /* FirebaseRemoteConfig in Frameworks */,
				B1729C50297444F800B9F45C /* FirebaseAppDistribution-Beta in Frameworks */,
				B1729C54297444F800B9F45C /* FirebaseAuthCombine-Community in Frameworks */,
				B1729C72297444F800B9F45C /* FirebasePerformance in Frameworks */,
				B1729C6A297444F800B9F45C /* FirebaseInAppMessagingSwift-Beta in Frameworks */,
				4F64C5AD2976FC0A001DED0A /* FacebookShare in Frameworks */,
				B1729C78297444F800B9F45C /* FirebaseStorage in Frameworks */,
				B1729C5C297444F800B9F45C /* FirebaseDynamicLinks in Frameworks */,
				B1729C60297444F800B9F45C /* FirebaseFirestoreCombine-Community in Frameworks */,
				B1729C70297444F800B9F45C /* FirebaseMessaging in Frameworks */,
				B1729C6C297444F800B9F45C /* FirebaseInstallations in Frameworks */,
			);
			runOnlyForDeploymentPostprocessing = 0;
		};
/* End PBXFrameworksBuildPhase section */

/* Begin PBXGroup section */
		0BEB0FF62976DD050052E11A /* Cart */ = {
			isa = PBXGroup;
			children = (
				B1729C3529743FE800B9F45C /* CartViewController.swift */,
				0B9109352974771B00430340 /* ProductTableViewCell.swift */,
			);
			path = Cart;
			sourceTree = "<group>";
		};
		4F64C58B297559C5001DED0A /* PlantMenu */ = {
			isa = PBXGroup;
			children = (
				B1729C3329743FD400B9F45C /* PlantsCollictionViewController.swift */,
				4F64C56B29746D7F001DED0A /* PlantDetailsViewController.swift */,
				4F64C58C29755A2C001DED0A /* plantStruct.swift */,
				4F64C58E29755AC2001DED0A /* PlantCell.swift */,
			);
			path = PlantMenu;
			sourceTree = "<group>";
		};
		87D91A9D2974830A0075C184 /* ListOrders */ = {
			isa = PBXGroup;
			children = (
				87D91A9E297483320075C184 /* ListOrdersViewController.swift */,
			);
			path = ListOrders;
			sourceTree = "<group>";
		};
		B1729C0829743CB700B9F45C = {
			isa = PBXGroup;
			children = (
				B1729C1329743CB800B9F45C /* GoldenLeaf */,
				B1729C1229743CB800B9F45C /* Products */,
			);
			sourceTree = "<group>";
		};
		B1729C1229743CB800B9F45C /* Products */ = {
			isa = PBXGroup;
			children = (
				B1729C1129743CB800B9F45C /* GoldenLeaf.app */,
			);
			name = Products;
			sourceTree = "<group>";
		};
		B1729C1329743CB800B9F45C /* GoldenLeaf */ = {
			isa = PBXGroup;
			children = (
				B1D569542976B5D000C110C4 /* Info.plist */,
				B1729C422974444600B9F45C /* GoogleService-Info.plist */,
				B1729C2C29743EB400B9F45C /* 3DModels */,
				B1729C2A29743E8100B9F45C /* Views */,
				B1729C2829743DBC00B9F45C /* Controllers */,
				B1729C2729743D9F00B9F45C /* Resorces */,
				B1729C2929743DEE00B9F45C /* Models */,
				B1729C1D29743CB900B9F45C /* Assets.xcassets */,
			);
			path = GoldenLeaf;
			sourceTree = "<group>";
		};
		B1729C2729743D9F00B9F45C /* Resorces */ = {
			isa = PBXGroup;
			children = (
				B1729C1429743CB800B9F45C /* AppDelegate.swift */,
			);
			path = Resorces;
			sourceTree = "<group>";
		};
		B1729C2829743DBC00B9F45C /* Controllers */ = {
			isa = PBXGroup;
			children = (
				B1729C3F2974409B00B9F45C /* Login-Register */,
				B1729C1829743CB800B9F45C /* ViewController.swift */,
				B1729C2D29743F6A00B9F45C /* OnBoardingViewController.swift */,
				4F64C58B297559C5001DED0A /* PlantMenu */,
				0BEB0FF62976DD050052E11A /* Cart */,
				87D91A9D2974830A0075C184 /* ListOrders */,
				B1729C372974400E00B9F45C /* PrevOrdersTableViewController.swift */,
				B1729C392974402A00B9F45C /* PaymentViewController.swift */,
				B1729C3B2974407E00B9F45C /* ProfileViewController.swift */,
				B1729C3D2974409300B9F45C /* LocationViewController.swift */,
				4F64C5A32976EEEC001DED0A /* MyLocationVC.swift */,
			);
			path = Controllers;
			sourceTree = "<group>";
		};
		B1729C2929743DEE00B9F45C /* Models */ = {
			isa = PBXGroup;
			children = (
				B1A1B383297516C200021BA5 /* plantsData.json */,
			);
			path = Models;
			sourceTree = "<group>";
		};
		B1729C2A29743E8100B9F45C /* Views */ = {
			isa = PBXGroup;
			children = (
				B1729C1F29743CB900B9F45C /* LaunchScreen.storyboard */,
				B1729C1A29743CB800B9F45C /* Main.storyboard */,
				0B9109332974770100430340 /* ProductTableViewCell.xib */,
			);
			path = Views;
			sourceTree = "<group>";
		};
		B1729C2C29743EB400B9F45C /* 3DModels */ = {
			isa = PBXGroup;
			children = (
				B1729C1629743CB800B9F45C /* art.scnassets */,
			);
			path = 3DModels;
			sourceTree = "<group>";
		};
		B1729C3F2974409B00B9F45C /* Login-Register */ = {
			isa = PBXGroup;
			children = (
				B1729C2F29743F7A00B9F45C /* LogInViewController.swift */,
				B1729C3129743F8900B9F45C /* RegisterViewController.swift */,
				03568D072976E5160026A9F2 /* ForgetPasswordViewController.swift */,
			);
			path = "Login-Register";
			sourceTree = "<group>";
		};
/* End PBXGroup section */

/* Begin PBXNativeTarget section */
		B1729C1029743CB800B9F45C /* GoldenLeaf */ = {
			isa = PBXNativeTarget;
			buildConfigurationList = B1729C2429743CB900B9F45C /* Build configuration list for PBXNativeTarget "GoldenLeaf" */;
			buildPhases = (
				B1729C0D29743CB800B9F45C /* Sources */,
				B1729C0E29743CB800B9F45C /* Frameworks */,
				B1729C0F29743CB800B9F45C /* Resources */,
			);
			buildRules = (
			);
			dependencies = (
			);
			name = GoldenLeaf;
			packageProductDependencies = (
				B1729C45297444F800B9F45C /* FirebaseAnalytics */,
				B1729C47297444F800B9F45C /* FirebaseAnalyticsOnDeviceConversion */,
				B1729C49297444F800B9F45C /* FirebaseAnalyticsSwift */,
				B1729C4B297444F800B9F45C /* FirebaseAnalyticsWithoutAdIdSupport */,
				B1729C4D297444F800B9F45C /* FirebaseAppCheck */,
				B1729C4F297444F800B9F45C /* FirebaseAppDistribution-Beta */,
				B1729C51297444F800B9F45C /* FirebaseAuth */,
				B1729C53297444F800B9F45C /* FirebaseAuthCombine-Community */,
				B1729C55297444F800B9F45C /* FirebaseCrashlytics */,
				B1729C57297444F800B9F45C /* FirebaseDatabase */,
				B1729C59297444F800B9F45C /* FirebaseDatabaseSwift */,
				B1729C5B297444F800B9F45C /* FirebaseDynamicLinks */,
				B1729C5D297444F800B9F45C /* FirebaseFirestore */,
				B1729C5F297444F800B9F45C /* FirebaseFirestoreCombine-Community */,
				B1729C61297444F800B9F45C /* FirebaseFirestoreSwift */,
				B1729C63297444F800B9F45C /* FirebaseFunctions */,
				B1729C65297444F800B9F45C /* FirebaseFunctionsCombine-Community */,
				B1729C67297444F800B9F45C /* FirebaseInAppMessaging-Beta */,
				B1729C69297444F800B9F45C /* FirebaseInAppMessagingSwift-Beta */,
				B1729C6B297444F800B9F45C /* FirebaseInstallations */,
				B1729C6D297444F800B9F45C /* FirebaseMLModelDownloader */,
				B1729C6F297444F800B9F45C /* FirebaseMessaging */,
				B1729C71297444F800B9F45C /* FirebasePerformance */,
				B1729C73297444F800B9F45C /* FirebaseRemoteConfig */,
				B1729C75297444F800B9F45C /* FirebaseRemoteConfigSwift */,
				B1729C77297444F800B9F45C /* FirebaseStorage */,
				B1729C79297444F800B9F45C /* FirebaseStorageCombine-Community */,
				03021B942975C2A900BE13C4 /* Kingfisher */,
				03021B972975C49800BE13C4 /* GoogleSignIn */,
				03021B992975C49900BE13C4 /* GoogleSignInSwift */,
				4F64C5A62976FC0A001DED0A /* FacebookCore */,
				4F64C5A82976FC0A001DED0A /* FacebookGamingServices */,
				4F64C5AA2976FC0A001DED0A /* FacebookLogin */,
				4F64C5AC2976FC0A001DED0A /* FacebookShare */,
			);
			productName = GoldenLeaf;
			productReference = B1729C1129743CB800B9F45C /* GoldenLeaf.app */;
			productType = "com.apple.product-type.application";
		};
/* End PBXNativeTarget section */

/* Begin PBXProject section */
		B1729C0929743CB700B9F45C /* Project object */ = {
			isa = PBXProject;
			attributes = {
				BuildIndependentTargetsInParallel = 1;
				LastSwiftUpdateCheck = 1410;
				LastUpgradeCheck = 1410;
				TargetAttributes = {
					B1729C1029743CB800B9F45C = {
						CreatedOnToolsVersion = 14.1;
					};
				};
			};
			buildConfigurationList = B1729C0C29743CB700B9F45C /* Build configuration list for PBXProject "GoldenLeaf" */;
			compatibilityVersion = "Xcode 14.0";
			developmentRegion = en;
			hasScannedForEncodings = 0;
			knownRegions = (
				en,
				Base,
			);
			mainGroup = B1729C0829743CB700B9F45C;
			packageReferences = (
				B1729C44297444F800B9F45C /* XCRemoteSwiftPackageReference "firebase-ios-sdk" */,
				03021B932975C2A900BE13C4 /* XCRemoteSwiftPackageReference "Kingfisher" */,
				03021B962975C49800BE13C4 /* XCRemoteSwiftPackageReference "GoogleSignIn-iOS" */,
				4F64C5A52976FC0A001DED0A /* XCRemoteSwiftPackageReference "facebook-ios-sdk" */,
			);
			productRefGroup = B1729C1229743CB800B9F45C /* Products */;
			projectDirPath = "";
			projectRoot = "";
			targets = (
				B1729C1029743CB800B9F45C /* GoldenLeaf */,
			);
		};
/* End PBXProject section */

/* Begin PBXResourcesBuildPhase section */
		B1729C0F29743CB800B9F45C /* Resources */ = {
			isa = PBXResourcesBuildPhase;
			buildActionMask = 2147483647;
			files = (
				B1729C1729743CB800B9F45C /* art.scnassets in Resources */,
				B1729C2129743CB900B9F45C /* LaunchScreen.storyboard in Resources */,
				B1729C432974444600B9F45C /* GoogleService-Info.plist in Resources */,
				B1A1B384297516C200021BA5 /* plantsData.json in Resources */,
				0B9109342974770200430340 /* ProductTableViewCell.xib in Resources */,
				B1729C1E29743CB900B9F45C /* Assets.xcassets in Resources */,
				B1729C1C29743CB800B9F45C /* Main.storyboard in Resources */,
			);
			runOnlyForDeploymentPostprocessing = 0;
		};
/* End PBXResourcesBuildPhase section */

/* Begin PBXSourcesBuildPhase section */
		B1729C0D29743CB800B9F45C /* Sources */ = {
			isa = PBXSourcesBuildPhase;
			buildActionMask = 2147483647;
			files = (
				4F64C58D29755A2C001DED0A /* plantStruct.swift in Sources */,
				4F64C5A42976EEEC001DED0A /* MyLocationVC.swift in Sources */,
				B1729C3429743FD400B9F45C /* PlantsCollictionViewController.swift in Sources */,
				B1729C382974400E00B9F45C /* PrevOrdersTableViewController.swift in Sources */,
				B1729C3C2974407E00B9F45C /* ProfileViewController.swift in Sources */,
				03568D082976E5160026A9F2 /* ForgetPasswordViewController.swift in Sources */,
				B1729C3029743F7A00B9F45C /* LogInViewController.swift in Sources */,
				B1729C3629743FE800B9F45C /* CartViewController.swift in Sources */,
				0B9109362974771B00430340 /* ProductTableViewCell.swift in Sources */,
				B1729C3E2974409300B9F45C /* LocationViewController.swift in Sources */,
				B1729C3229743F8900B9F45C /* RegisterViewController.swift in Sources */,
				4F64C58F29755AC2001DED0A /* PlantCell.swift in Sources */,
				B1729C2E29743F6A00B9F45C /* OnBoardingViewController.swift in Sources */,
				B1729C1929743CB800B9F45C /* ViewController.swift in Sources */,
				B1729C3A2974402A00B9F45C /* PaymentViewController.swift in Sources */,
				87D91A9F297483320075C184 /* ListOrdersViewController.swift in Sources */,
				4F64C56C29746D7F001DED0A /* PlantDetailsViewController.swift in Sources */,
				B1729C1529743CB800B9F45C /* AppDelegate.swift in Sources */,
			);
			runOnlyForDeploymentPostprocessing = 0;
		};
/* End PBXSourcesBuildPhase section */

/* Begin PBXVariantGroup section */
		B1729C1A29743CB800B9F45C /* Main.storyboard */ = {
			isa = PBXVariantGroup;
			children = (
				B1729C1B29743CB800B9F45C /* Base */,
			);
			name = Main.storyboard;
			sourceTree = "<group>";
		};
		B1729C1F29743CB900B9F45C /* LaunchScreen.storyboard */ = {
			isa = PBXVariantGroup;
			children = (
				B1729C2029743CB900B9F45C /* Base */,
			);
			name = LaunchScreen.storyboard;
			sourceTree = "<group>";
		};
/* End PBXVariantGroup section */

/* Begin XCBuildConfiguration section */
		B1729C2229743CB900B9F45C /* Debug */ = {
			isa = XCBuildConfiguration;
			buildSettings = {
				ALWAYS_SEARCH_USER_PATHS = NO;
				CLANG_ANALYZER_NONNULL = YES;
				CLANG_ANALYZER_NUMBER_OBJECT_CONVERSION = YES_AGGRESSIVE;
				CLANG_CXX_LANGUAGE_STANDARD = "gnu++20";
				CLANG_ENABLE_MODULES = YES;
				CLANG_ENABLE_OBJC_ARC = YES;
				CLANG_ENABLE_OBJC_WEAK = YES;
				CLANG_WARN_BLOCK_CAPTURE_AUTORELEASING = YES;
				CLANG_WARN_BOOL_CONVERSION = YES;
				CLANG_WARN_COMMA = YES;
				CLANG_WARN_CONSTANT_CONVERSION = YES;
				CLANG_WARN_DEPRECATED_OBJC_IMPLEMENTATIONS = YES;
				CLANG_WARN_DIRECT_OBJC_ISA_USAGE = YES_ERROR;
				CLANG_WARN_DOCUMENTATION_COMMENTS = YES;
				CLANG_WARN_EMPTY_BODY = YES;
				CLANG_WARN_ENUM_CONVERSION = YES;
				CLANG_WARN_INFINITE_RECURSION = YES;
				CLANG_WARN_INT_CONVERSION = YES;
				CLANG_WARN_NON_LITERAL_NULL_CONVERSION = YES;
				CLANG_WARN_OBJC_IMPLICIT_RETAIN_SELF = YES;
				CLANG_WARN_OBJC_LITERAL_CONVERSION = YES;
				CLANG_WARN_OBJC_ROOT_CLASS = YES_ERROR;
				CLANG_WARN_QUOTED_INCLUDE_IN_FRAMEWORK_HEADER = YES;
				CLANG_WARN_RANGE_LOOP_ANALYSIS = YES;
				CLANG_WARN_STRICT_PROTOTYPES = YES;
				CLANG_WARN_SUSPICIOUS_MOVE = YES;
				CLANG_WARN_UNGUARDED_AVAILABILITY = YES_AGGRESSIVE;
				CLANG_WARN_UNREACHABLE_CODE = YES;
				CLANG_WARN__DUPLICATE_METHOD_MATCH = YES;
				COPY_PHASE_STRIP = NO;
				DEBUG_INFORMATION_FORMAT = dwarf;
				ENABLE_STRICT_OBJC_MSGSEND = YES;
				ENABLE_TESTABILITY = YES;
				GCC_C_LANGUAGE_STANDARD = gnu11;
				GCC_DYNAMIC_NO_PIC = NO;
				GCC_NO_COMMON_BLOCKS = YES;
				GCC_OPTIMIZATION_LEVEL = 0;
				GCC_PREPROCESSOR_DEFINITIONS = (
					"DEBUG=1",
					"$(inherited)",
				);
				GCC_WARN_64_TO_32_BIT_CONVERSION = YES;
				GCC_WARN_ABOUT_RETURN_TYPE = YES_ERROR;
				GCC_WARN_UNDECLARED_SELECTOR = YES;
				GCC_WARN_UNINITIALIZED_AUTOS = YES_AGGRESSIVE;
				GCC_WARN_UNUSED_FUNCTION = YES;
				GCC_WARN_UNUSED_VARIABLE = YES;
				IPHONEOS_DEPLOYMENT_TARGET = 16.1;
				MTL_ENABLE_DEBUG_INFO = INCLUDE_SOURCE;
				MTL_FAST_MATH = YES;
				ONLY_ACTIVE_ARCH = YES;
				SDKROOT = iphoneos;
				SWIFT_ACTIVE_COMPILATION_CONDITIONS = DEBUG;
				SWIFT_OPTIMIZATION_LEVEL = "-Onone";
			};
			name = Debug;
		};
		B1729C2329743CB900B9F45C /* Release */ = {
			isa = XCBuildConfiguration;
			buildSettings = {
				ALWAYS_SEARCH_USER_PATHS = NO;
				CLANG_ANALYZER_NONNULL = YES;
				CLANG_ANALYZER_NUMBER_OBJECT_CONVERSION = YES_AGGRESSIVE;
				CLANG_CXX_LANGUAGE_STANDARD = "gnu++20";
				CLANG_ENABLE_MODULES = YES;
				CLANG_ENABLE_OBJC_ARC = YES;
				CLANG_ENABLE_OBJC_WEAK = YES;
				CLANG_WARN_BLOCK_CAPTURE_AUTORELEASING = YES;
				CLANG_WARN_BOOL_CONVERSION = YES;
				CLANG_WARN_COMMA = YES;
				CLANG_WARN_CONSTANT_CONVERSION = YES;
				CLANG_WARN_DEPRECATED_OBJC_IMPLEMENTATIONS = YES;
				CLANG_WARN_DIRECT_OBJC_ISA_USAGE = YES_ERROR;
				CLANG_WARN_DOCUMENTATION_COMMENTS = YES;
				CLANG_WARN_EMPTY_BODY = YES;
				CLANG_WARN_ENUM_CONVERSION = YES;
				CLANG_WARN_INFINITE_RECURSION = YES;
				CLANG_WARN_INT_CONVERSION = YES;
				CLANG_WARN_NON_LITERAL_NULL_CONVERSION = YES;
				CLANG_WARN_OBJC_IMPLICIT_RETAIN_SELF = YES;
				CLANG_WARN_OBJC_LITERAL_CONVERSION = YES;
				CLANG_WARN_OBJC_ROOT_CLASS = YES_ERROR;
				CLANG_WARN_QUOTED_INCLUDE_IN_FRAMEWORK_HEADER = YES;
				CLANG_WARN_RANGE_LOOP_ANALYSIS = YES;
				CLANG_WARN_STRICT_PROTOTYPES = YES;
				CLANG_WARN_SUSPICIOUS_MOVE = YES;
				CLANG_WARN_UNGUARDED_AVAILABILITY = YES_AGGRESSIVE;
				CLANG_WARN_UNREACHABLE_CODE = YES;
				CLANG_WARN__DUPLICATE_METHOD_MATCH = YES;
				COPY_PHASE_STRIP = NO;
				DEBUG_INFORMATION_FORMAT = "dwarf-with-dsym";
				ENABLE_NS_ASSERTIONS = NO;
				ENABLE_STRICT_OBJC_MSGSEND = YES;
				GCC_C_LANGUAGE_STANDARD = gnu11;
				GCC_NO_COMMON_BLOCKS = YES;
				GCC_WARN_64_TO_32_BIT_CONVERSION = YES;
				GCC_WARN_ABOUT_RETURN_TYPE = YES_ERROR;
				GCC_WARN_UNDECLARED_SELECTOR = YES;
				GCC_WARN_UNINITIALIZED_AUTOS = YES_AGGRESSIVE;
				GCC_WARN_UNUSED_FUNCTION = YES;
				GCC_WARN_UNUSED_VARIABLE = YES;
				IPHONEOS_DEPLOYMENT_TARGET = 16.1;
				MTL_ENABLE_DEBUG_INFO = NO;
				MTL_FAST_MATH = YES;
				SDKROOT = iphoneos;
				SWIFT_COMPILATION_MODE = wholemodule;
				SWIFT_OPTIMIZATION_LEVEL = "-O";
				VALIDATE_PRODUCT = YES;
			};
			name = Release;
		};
		B1729C2529743CB900B9F45C /* Debug */ = {
			isa = XCBuildConfiguration;
			buildSettings = {
				ASSETCATALOG_COMPILER_APPICON_NAME = AppIcon;
				ASSETCATALOG_COMPILER_GLOBAL_ACCENT_COLOR_NAME = AccentColor;
				CODE_SIGN_STYLE = Automatic;
				CURRENT_PROJECT_VERSION = 1;
				DEVELOPMENT_TEAM = 4N2CH77674;
				GENERATE_INFOPLIST_FILE = YES;
				INFOPLIST_FILE = GoldenLeaf/Info.plist;
				INFOPLIST_KEY_NSCameraUsageDescription = "Please allow access to select a photo for your profile ";
				INFOPLIST_KEY_NSLocationAlwaysAndWhenInUseUsageDescription = "Please allow access to your location always";
				INFOPLIST_KEY_NSLocationWhenInUseUsageDescription = "Please allow access to your location";
				INFOPLIST_KEY_UIApplicationSupportsIndirectInputEvents = YES;
				INFOPLIST_KEY_UILaunchStoryboardName = LaunchScreen;
				INFOPLIST_KEY_UIMainStoryboardFile = Main;
				INFOPLIST_KEY_UIRequiredDeviceCapabilities = arkit;
				INFOPLIST_KEY_UIStatusBarHidden = YES;
				INFOPLIST_KEY_UISupportedInterfaceOrientations_iPad = "UIInterfaceOrientationPortrait UIInterfaceOrientationPortraitUpsideDown UIInterfaceOrientationLandscapeLeft UIInterfaceOrientationLandscapeRight";
				INFOPLIST_KEY_UISupportedInterfaceOrientations_iPhone = "UIInterfaceOrientationPortrait UIInterfaceOrientationLandscapeLeft UIInterfaceOrientationLandscapeRight";
				IPHONEOS_DEPLOYMENT_TARGET = 16.0;
				LD_RUNPATH_SEARCH_PATHS = (
					"$(inherited)",
					"@executable_path/Frameworks",
				);
				MARKETING_VERSION = 1.0;
				PRODUCT_BUNDLE_IDENTIFIER = t.com.GoldenLeaf;
				PRODUCT_NAME = "$(TARGET_NAME)";
				SWIFT_EMIT_LOC_STRINGS = YES;
				SWIFT_VERSION = 5.0;
				TARGETED_DEVICE_FAMILY = "1,2";
			};
			name = Debug;
		};
		B1729C2629743CB900B9F45C /* Release */ = {
			isa = XCBuildConfiguration;
			buildSettings = {
				ASSETCATALOG_COMPILER_APPICON_NAME = AppIcon;
				ASSETCATALOG_COMPILER_GLOBAL_ACCENT_COLOR_NAME = AccentColor;
				CODE_SIGN_STYLE = Automatic;
				CURRENT_PROJECT_VERSION = 1;
				DEVELOPMENT_TEAM = 4N2CH77674;
				GENERATE_INFOPLIST_FILE = YES;
				INFOPLIST_FILE = GoldenLeaf/Info.plist;
				INFOPLIST_KEY_NSCameraUsageDescription = "Please allow access to select a photo for your profile ";
				INFOPLIST_KEY_NSLocationAlwaysAndWhenInUseUsageDescription = "Please allow access to your location always";
				INFOPLIST_KEY_NSLocationWhenInUseUsageDescription = "Please allow access to your location";
				INFOPLIST_KEY_UIApplicationSupportsIndirectInputEvents = YES;
				INFOPLIST_KEY_UILaunchStoryboardName = LaunchScreen;
				INFOPLIST_KEY_UIMainStoryboardFile = Main;
				INFOPLIST_KEY_UIRequiredDeviceCapabilities = arkit;
				INFOPLIST_KEY_UIStatusBarHidden = YES;
				INFOPLIST_KEY_UISupportedInterfaceOrientations_iPad = "UIInterfaceOrientationPortrait UIInterfaceOrientationPortraitUpsideDown UIInterfaceOrientationLandscapeLeft UIInterfaceOrientationLandscapeRight";
				INFOPLIST_KEY_UISupportedInterfaceOrientations_iPhone = "UIInterfaceOrientationPortrait UIInterfaceOrientationLandscapeLeft UIInterfaceOrientationLandscapeRight";
				IPHONEOS_DEPLOYMENT_TARGET = 16.0;
				LD_RUNPATH_SEARCH_PATHS = (
					"$(inherited)",
					"@executable_path/Frameworks",
				);
				MARKETING_VERSION = 1.0;
				PRODUCT_BUNDLE_IDENTIFIER = t.com.GoldenLeaf;
				PRODUCT_NAME = "$(TARGET_NAME)";
				SWIFT_EMIT_LOC_STRINGS = YES;
				SWIFT_VERSION = 5.0;
				TARGETED_DEVICE_FAMILY = "1,2";
			};
			name = Release;
		};
/* End XCBuildConfiguration section */

/* Begin XCConfigurationList section */
		B1729C0C29743CB700B9F45C /* Build configuration list for PBXProject "GoldenLeaf" */ = {
			isa = XCConfigurationList;
			buildConfigurations = (
				B1729C2229743CB900B9F45C /* Debug */,
				B1729C2329743CB900B9F45C /* Release */,
			);
			defaultConfigurationIsVisible = 0;
			defaultConfigurationName = Release;
		};
		B1729C2429743CB900B9F45C /* Build configuration list for PBXNativeTarget "GoldenLeaf" */ = {
			isa = XCConfigurationList;
			buildConfigurations = (
				B1729C2529743CB900B9F45C /* Debug */,
				B1729C2629743CB900B9F45C /* Release */,
			);
			defaultConfigurationIsVisible = 0;
			defaultConfigurationName = Release;
		};
/* End XCConfigurationList section */

/* Begin XCRemoteSwiftPackageReference section */
		03021B932975C2A900BE13C4 /* XCRemoteSwiftPackageReference "Kingfisher" */ = {
			isa = XCRemoteSwiftPackageReference;
			repositoryURL = "https://github.com/onevcat/Kingfisher.git";
			requirement = {
				branch = master;
				kind = branch;
			};
		};
		03021B962975C49800BE13C4 /* XCRemoteSwiftPackageReference "GoogleSignIn-iOS" */ = {
			isa = XCRemoteSwiftPackageReference;
			repositoryURL = "https://github.com/google/GoogleSignIn-iOS.git";
			requirement = {
				branch = main;
				kind = branch;
			};
		};
		4F64C5A52976FC0A001DED0A /* XCRemoteSwiftPackageReference "facebook-ios-sdk" */ = {
			isa = XCRemoteSwiftPackageReference;
			repositoryURL = "https://github.com/facebook/facebook-ios-sdk.git";
			requirement = {
				kind = upToNextMajorVersion;
				minimumVersion = 9.0.0;
			};
		};
		B1729C44297444F800B9F45C /* XCRemoteSwiftPackageReference "firebase-ios-sdk" */ = {
			isa = XCRemoteSwiftPackageReference;
			repositoryURL = "https://github.com/firebase/firebase-ios-sdk";
			requirement = {
				kind = upToNextMajorVersion;
				minimumVersion = 9.0.0;
			};
		};
/* End XCRemoteSwiftPackageReference section */

/* Begin XCSwiftPackageProductDependency section */
		03021B942975C2A900BE13C4 /* Kingfisher */ = {
			isa = XCSwiftPackageProductDependency;
			package = 03021B932975C2A900BE13C4 /* XCRemoteSwiftPackageReference "Kingfisher" */;
			productName = Kingfisher;
		};
		03021B972975C49800BE13C4 /* GoogleSignIn */ = {
			isa = XCSwiftPackageProductDependency;
			package = 03021B962975C49800BE13C4 /* XCRemoteSwiftPackageReference "GoogleSignIn-iOS" */;
			productName = GoogleSignIn;
		};
		03021B992975C49900BE13C4 /* GoogleSignInSwift */ = {
			isa = XCSwiftPackageProductDependency;
			package = 03021B962975C49800BE13C4 /* XCRemoteSwiftPackageReference "GoogleSignIn-iOS" */;
			productName = GoogleSignInSwift;
		};
		4F64C5A62976FC0A001DED0A /* FacebookCore */ = {
			isa = XCSwiftPackageProductDependency;
			package = 4F64C5A52976FC0A001DED0A /* XCRemoteSwiftPackageReference "facebook-ios-sdk" */;
			productName = FacebookCore;
		};
		4F64C5A82976FC0A001DED0A /* FacebookGamingServices */ = {
			isa = XCSwiftPackageProductDependency;
			package = 4F64C5A52976FC0A001DED0A /* XCRemoteSwiftPackageReference "facebook-ios-sdk" */;
			productName = FacebookGamingServices;
		};
		4F64C5AA2976FC0A001DED0A /* FacebookLogin */ = {
			isa = XCSwiftPackageProductDependency;
			package = 4F64C5A52976FC0A001DED0A /* XCRemoteSwiftPackageReference "facebook-ios-sdk" */;
			productName = FacebookLogin;
		};
		4F64C5AC2976FC0A001DED0A /* FacebookShare */ = {
			isa = XCSwiftPackageProductDependency;
			package = 4F64C5A52976FC0A001DED0A /* XCRemoteSwiftPackageReference "facebook-ios-sdk" */;
			productName = FacebookShare;
		};
		B1729C45297444F800B9F45C /* FirebaseAnalytics */ = {
			isa = XCSwiftPackageProductDependency;
			package = B1729C44297444F800B9F45C /* XCRemoteSwiftPackageReference "firebase-ios-sdk" */;
			productName = FirebaseAnalytics;
		};
		B1729C47297444F800B9F45C /* FirebaseAnalyticsOnDeviceConversion */ = {
			isa = XCSwiftPackageProductDependency;
			package = B1729C44297444F800B9F45C /* XCRemoteSwiftPackageReference "firebase-ios-sdk" */;
			productName = FirebaseAnalyticsOnDeviceConversion;
		};
		B1729C49297444F800B9F45C /* FirebaseAnalyticsSwift */ = {
			isa = XCSwiftPackageProductDependency;
			package = B1729C44297444F800B9F45C /* XCRemoteSwiftPackageReference "firebase-ios-sdk" */;
			productName = FirebaseAnalyticsSwift;
		};
		B1729C4B297444F800B9F45C /* FirebaseAnalyticsWithoutAdIdSupport */ = {
			isa = XCSwiftPackageProductDependency;
			package = B1729C44297444F800B9F45C /* XCRemoteSwiftPackageReference "firebase-ios-sdk" */;
			productName = FirebaseAnalyticsWithoutAdIdSupport;
		};
		B1729C4D297444F800B9F45C /* FirebaseAppCheck */ = {
			isa = XCSwiftPackageProductDependency;
			package = B1729C44297444F800B9F45C /* XCRemoteSwiftPackageReference "firebase-ios-sdk" */;
			productName = FirebaseAppCheck;
		};
		B1729C4F297444F800B9F45C /* FirebaseAppDistribution-Beta */ = {
			isa = XCSwiftPackageProductDependency;
			package = B1729C44297444F800B9F45C /* XCRemoteSwiftPackageReference "firebase-ios-sdk" */;
			productName = "FirebaseAppDistribution-Beta";
		};
		B1729C51297444F800B9F45C /* FirebaseAuth */ = {
			isa = XCSwiftPackageProductDependency;
			package = B1729C44297444F800B9F45C /* XCRemoteSwiftPackageReference "firebase-ios-sdk" */;
			productName = FirebaseAuth;
		};
		B1729C53297444F800B9F45C /* FirebaseAuthCombine-Community */ = {
			isa = XCSwiftPackageProductDependency;
			package = B1729C44297444F800B9F45C /* XCRemoteSwiftPackageReference "firebase-ios-sdk" */;
			productName = "FirebaseAuthCombine-Community";
		};
		B1729C55297444F800B9F45C /* FirebaseCrashlytics */ = {
			isa = XCSwiftPackageProductDependency;
			package = B1729C44297444F800B9F45C /* XCRemoteSwiftPackageReference "firebase-ios-sdk" */;
			productName = FirebaseCrashlytics;
		};
		B1729C57297444F800B9F45C /* FirebaseDatabase */ = {
			isa = XCSwiftPackageProductDependency;
			package = B1729C44297444F800B9F45C /* XCRemoteSwiftPackageReference "firebase-ios-sdk" */;
			productName = FirebaseDatabase;
		};
		B1729C59297444F800B9F45C /* FirebaseDatabaseSwift */ = {
			isa = XCSwiftPackageProductDependency;
			package = B1729C44297444F800B9F45C /* XCRemoteSwiftPackageReference "firebase-ios-sdk" */;
			productName = FirebaseDatabaseSwift;
		};
		B1729C5B297444F800B9F45C /* FirebaseDynamicLinks */ = {
			isa = XCSwiftPackageProductDependency;
			package = B1729C44297444F800B9F45C /* XCRemoteSwiftPackageReference "firebase-ios-sdk" */;
			productName = FirebaseDynamicLinks;
		};
		B1729C5D297444F800B9F45C /* FirebaseFirestore */ = {
			isa = XCSwiftPackageProductDependency;
			package = B1729C44297444F800B9F45C /* XCRemoteSwiftPackageReference "firebase-ios-sdk" */;
			productName = FirebaseFirestore;
		};
		B1729C5F297444F800B9F45C /* FirebaseFirestoreCombine-Community */ = {
			isa = XCSwiftPackageProductDependency;
			package = B1729C44297444F800B9F45C /* XCRemoteSwiftPackageReference "firebase-ios-sdk" */;
			productName = "FirebaseFirestoreCombine-Community";
		};
		B1729C61297444F800B9F45C /* FirebaseFirestoreSwift */ = {
			isa = XCSwiftPackageProductDependency;
			package = B1729C44297444F800B9F45C /* XCRemoteSwiftPackageReference "firebase-ios-sdk" */;
			productName = FirebaseFirestoreSwift;
		};
		B1729C63297444F800B9F45C /* FirebaseFunctions */ = {
			isa = XCSwiftPackageProductDependency;
			package = B1729C44297444F800B9F45C /* XCRemoteSwiftPackageReference "firebase-ios-sdk" */;
			productName = FirebaseFunctions;
		};
		B1729C65297444F800B9F45C /* FirebaseFunctionsCombine-Community */ = {
			isa = XCSwiftPackageProductDependency;
			package = B1729C44297444F800B9F45C /* XCRemoteSwiftPackageReference "firebase-ios-sdk" */;
			productName = "FirebaseFunctionsCombine-Community";
		};
		B1729C67297444F800B9F45C /* FirebaseInAppMessaging-Beta */ = {
			isa = XCSwiftPackageProductDependency;
			package = B1729C44297444F800B9F45C /* XCRemoteSwiftPackageReference "firebase-ios-sdk" */;
			productName = "FirebaseInAppMessaging-Beta";
		};
		B1729C69297444F800B9F45C /* FirebaseInAppMessagingSwift-Beta */ = {
			isa = XCSwiftPackageProductDependency;
			package = B1729C44297444F800B9F45C /* XCRemoteSwiftPackageReference "firebase-ios-sdk" */;
			productName = "FirebaseInAppMessagingSwift-Beta";
		};
		B1729C6B297444F800B9F45C /* FirebaseInstallations */ = {
			isa = XCSwiftPackageProductDependency;
			package = B1729C44297444F800B9F45C /* XCRemoteSwiftPackageReference "firebase-ios-sdk" */;
			productName = FirebaseInstallations;
		};
		B1729C6D297444F800B9F45C /* FirebaseMLModelDownloader */ = {
			isa = XCSwiftPackageProductDependency;
			package = B1729C44297444F800B9F45C /* XCRemoteSwiftPackageReference "firebase-ios-sdk" */;
			productName = FirebaseMLModelDownloader;
		};
		B1729C6F297444F800B9F45C /* FirebaseMessaging */ = {
			isa = XCSwiftPackageProductDependency;
			package = B1729C44297444F800B9F45C /* XCRemoteSwiftPackageReference "firebase-ios-sdk" */;
			productName = FirebaseMessaging;
		};
		B1729C71297444F800B9F45C /* FirebasePerformance */ = {
			isa = XCSwiftPackageProductDependency;
			package = B1729C44297444F800B9F45C /* XCRemoteSwiftPackageReference "firebase-ios-sdk" */;
			productName = FirebasePerformance;
		};
		B1729C73297444F800B9F45C /* FirebaseRemoteConfig */ = {
			isa = XCSwiftPackageProductDependency;
			package = B1729C44297444F800B9F45C /* XCRemoteSwiftPackageReference "firebase-ios-sdk" */;
			productName = FirebaseRemoteConfig;
		};
		B1729C75297444F800B9F45C /* FirebaseRemoteConfigSwift */ = {
			isa = XCSwiftPackageProductDependency;
			package = B1729C44297444F800B9F45C /* XCRemoteSwiftPackageReference "firebase-ios-sdk" */;
			productName = FirebaseRemoteConfigSwift;
		};
		B1729C77297444F800B9F45C /* FirebaseStorage */ = {
			isa = XCSwiftPackageProductDependency;
			package = B1729C44297444F800B9F45C /* XCRemoteSwiftPackageReference "firebase-ios-sdk" */;
			productName = FirebaseStorage;
		};
		B1729C79297444F800B9F45C /* FirebaseStorageCombine-Community */ = {
			isa = XCSwiftPackageProductDependency;
			package = B1729C44297444F800B9F45C /* XCRemoteSwiftPackageReference "firebase-ios-sdk" */;
			productName = "FirebaseStorageCombine-Community";
		};
/* End XCSwiftPackageProductDependency section */
	};
	rootObject = B1729C0929743CB700B9F45C /* Project object */;
}
